// !$*UTF8*$!
{
	archiveVersion = 1;
	classes = {
	};
	objectVersion = 50;
	objects = {

/* Begin PBXBuildFile section */
		030196A9231BF16900B1D690 /* AppDelegate.swift in Sources */ = {isa = PBXBuildFile; fileRef = 030196A8231BF16900B1D690 /* AppDelegate.swift */; };
		030196AB231BF16900B1D690 /* ViewController.swift in Sources */ = {isa = PBXBuildFile; fileRef = 030196AA231BF16900B1D690 /* ViewController.swift */; };
		030196AE231BF16900B1D690 /* Main.storyboard in Resources */ = {isa = PBXBuildFile; fileRef = 030196AC231BF16900B1D690 /* Main.storyboard */; };
		030196B0231BF16B00B1D690 /* Assets.xcassets in Resources */ = {isa = PBXBuildFile; fileRef = 030196AF231BF16B00B1D690 /* Assets.xcassets */; };
		030196BB231BF2ED00B1D690 /* customTableViewCell.swift in Sources */ = {isa = PBXBuildFile; fileRef = 030196BA231BF2ED00B1D690 /* customTableViewCell.swift */; };
		03F95F74231EBD7F0005AC88 /* config.txt in Resources */ = {isa = PBXBuildFile; fileRef = 03F95F73231EBD7E0005AC88 /* config.txt */; };
		03F95F7A231EDED40005AC88 /* FirstviewCon.swift in Sources */ = {isa = PBXBuildFile; fileRef = 03F95F79231EDED40005AC88 /* FirstviewCon.swift */; };
		03F95F7C231EEA1F0005AC88 /* FirstViewController.swift in Sources */ = {isa = PBXBuildFile; fileRef = 03F95F7B231EEA1F0005AC88 /* FirstViewController.swift */; };
		03F95F7E231F085C0005AC88 /* female.txt in Resources */ = {isa = PBXBuildFile; fileRef = 03F95F7D231F085C0005AC88 /* female.txt */; };
		03FD332B232039010011F08E /* DetailedView.swift in Sources */ = {isa = PBXBuildFile; fileRef = 03FD332A232039010011F08E /* DetailedView.swift */; };
		03FD332D23203B200011F08E /* abn.jpg in Resources */ = {isa = PBXBuildFile; fileRef = 03FD332C23203B200011F08E /* abn.jpg */; };
/* End PBXBuildFile section */

/* Begin PBXFileReference section */
		030196A5231BF16900B1D690 /* InsideList.app */ = {isa = PBXFileReference; explicitFileType = wrapper.application; includeInIndex = 0; path = InsideList.app; sourceTree = BUILT_PRODUCTS_DIR; };
		030196A8231BF16900B1D690 /* AppDelegate.swift */ = {isa = PBXFileReference; lastKnownFileType = sourcecode.swift; path = AppDelegate.swift; sourceTree = "<group>"; };
		030196AA231BF16900B1D690 /* ViewController.swift */ = {isa = PBXFileReference; indentWidth = 4; lastKnownFileType = sourcecode.swift; path = ViewController.swift; sourceTree = "<group>"; tabWidth = 4; wrapsLines = 0; };
		030196AD231BF16900B1D690 /* Base */ = {isa = PBXFileReference; lastKnownFileType = file.storyboard; name = Base; path = Base.lproj/Main.storyboard; sourceTree = "<group>"; };
		030196AF231BF16B00B1D690 /* Assets.xcassets */ = {isa = PBXFileReference; lastKnownFileType = folder.assetcatalog; path = Assets.xcassets; sourceTree = "<group>"; };
		030196B4231BF16B00B1D690 /* Info.plist */ = {isa = PBXFileReference; lastKnownFileType = text.plist.xml; path = Info.plist; sourceTree = "<group>"; };
		030196BA231BF2ED00B1D690 /* customTableViewCell.swift */ = {isa = PBXFileReference; lastKnownFileType = sourcecode.swift; path = customTableViewCell.swift; sourceTree = "<group>"; };
		03F95F73231EBD7E0005AC88 /* config.txt */ = {isa = PBXFileReference; fileEncoding = 4; lastKnownFileType = text; name = config.txt; path = ../../readingtextFile/readingtextFile/config.txt; sourceTree = "<group>"; };
		03F95F79231EDED40005AC88 /* FirstviewCon.swift */ = {isa = PBXFileReference; lastKnownFileType = sourcecode.swift; path = FirstviewCon.swift; sourceTree = "<group>"; };
		03F95F7B231EEA1F0005AC88 /* FirstViewController.swift */ = {isa = PBXFileReference; lastKnownFileType = sourcecode.swift; path = FirstViewController.swift; sourceTree = "<group>"; };
		03F95F7D231F085C0005AC88 /* female.txt */ = {isa = PBXFileReference; fileEncoding = 4; lastKnownFileType = text; path = female.txt; sourceTree = "<group>"; };
		03FD332A232039010011F08E /* DetailedView.swift */ = {isa = PBXFileReference; lastKnownFileType = sourcecode.swift; path = DetailedView.swift; sourceTree = "<group>"; };
		03FD332C23203B200011F08E /* abn.jpg */ = {isa = PBXFileReference; lastKnownFileType = image.jpeg; path = abn.jpg; sourceTree = "<group>"; };
/* End PBXFileReference section */

/* Begin PBXFrameworksBuildPhase section */
		030196A2231BF16900B1D690 /* Frameworks */ = {
			isa = PBXFrameworksBuildPhase;
			buildActionMask = 2147483647;
			files = (
			);
			runOnlyForDeploymentPostprocessing = 0;
		};
/* End PBXFrameworksBuildPhase section */

/* Begin PBXGroup section */
		0301969C231BF16900B1D690 = {
			isa = PBXGroup;
			children = (
				030196A7231BF16900B1D690 /* InsideList */,
				030196A6231BF16900B1D690 /* Products */,
			);
			sourceTree = "<group>";
		};
		030196A6231BF16900B1D690 /* Products */ = {
			isa = PBXGroup;
			children = (
				030196A5231BF16900B1D690 /* InsideList.app */,
			);
			name = Products;
			sourceTree = "<group>";
		};
		030196A7231BF16900B1D690 /* InsideList */ = {
			isa = PBXGroup;
			children = (
				03F95F7D231F085C0005AC88 /* female.txt */,
				030196A8231BF16900B1D690 /* AppDelegate.swift */,
				030196AA231BF16900B1D690 /* ViewController.swift */,
				03F95F73231EBD7E0005AC88 /* config.txt */,
				030196AC231BF16900B1D690 /* Main.storyboard */,
				030196AF231BF16B00B1D690 /* Assets.xcassets */,
				03FD332C23203B200011F08E /* abn.jpg */,
				030196B4231BF16B00B1D690 /* Info.plist */,
				030196BA231BF2ED00B1D690 /* customTableViewCell.swift */,
				03F95F79231EDED40005AC88 /* FirstviewCon.swift */,
				03F95F7B231EEA1F0005AC88 /* FirstViewController.swift */,
				03FD332A232039010011F08E /* DetailedView.swift */,
			);
			path = InsideList;
			sourceTree = "<group>";
		};
/* End PBXGroup section */

/* Begin PBXNativeTarget section */
		030196A4231BF16900B1D690 /* InsideList */ = {
			isa = PBXNativeTarget;
			buildConfigurationList = 030196B7231BF16B00B1D690 /* Build configuration list for PBXNativeTarget "InsideList" */;
			buildPhases = (
				030196A1231BF16900B1D690 /* Sources */,
				030196A2231BF16900B1D690 /* Frameworks */,
				030196A3231BF16900B1D690 /* Resources */,
			);
			buildRules = (
			);
			dependencies = (
			);
			name = InsideList;
			productName = InsideList;
			productReference = 030196A5231BF16900B1D690 /* InsideList.app */;
			productType = "com.apple.product-type.application";
		};
/* End PBXNativeTarget section */

/* Begin PBXProject section */
		0301969D231BF16900B1D690 /* Project object */ = {
			isa = PBXProject;
			attributes = {
				LastSwiftUpdateCheck = 1020;
				LastUpgradeCheck = 1020;
				ORGANIZATIONNAME = "Muhammad Mujahid";
				TargetAttributes = {
					030196A4231BF16900B1D690 = {
						CreatedOnToolsVersion = 10.2.1;
					};
				};
			};
			buildConfigurationList = 030196A0231BF16900B1D690 /* Build configuration list for PBXProject "InsideList" */;
			compatibilityVersion = "Xcode 9.3";
			developmentRegion = en;
			hasScannedForEncodings = 0;
			knownRegions = (
				en,
				Base,
			);
			mainGroup = 0301969C231BF16900B1D690;
			productRefGroup = 030196A6231BF16900B1D690 /* Products */;
			projectDirPath = "";
			projectRoot = "";
			targets = (
				030196A4231BF16900B1D690 /* InsideList */,
			);
		};
/* End PBXProject section */

/* Begin PBXResourcesBuildPhase section */
		030196A3231BF16900B1D690 /* Resources */ = {
			isa = PBXResourcesBuildPhase;
			buildActionMask = 2147483647;
			files = (
				030196B0231BF16B00B1D690 /* Assets.xcassets in Resources */,
				03F95F74231EBD7F0005AC88 /* config.txt in Resources */,
				03FD332D23203B200011F08E /* abn.jpg in Resources */,
				03F95F7E231F085C0005AC88 /* female.txt in Resources */,
				030196AE231BF16900B1D690 /* Main.storyboard in Resources */,
			);
			runOnlyForDeploymentPostprocessing = 0;
		};
/* End PBXResourcesBuildPhase section */

/* Begin PBXSourcesBuildPhase section */
		030196A1231BF16900B1D690 /* Sources */ = {
			isa = PBXSourcesBuildPhase;
			buildActionMask = 2147483647;
			files = (
				03F95F7C231EEA1F0005AC88 /* FirstViewController.swift in Sources */,
				03F95F7A231EDED40005AC88 /* FirstviewCon.swift in Sources */,
				030196AB231BF16900B1D690 /* ViewController.swift in Sources */,
				030196A9231BF16900B1D690 /* AppDelegate.swift in Sources */,
				03FD332B232039010011F08E /* DetailedView.swift in Sources */,
				030196BB231BF2ED00B1D690 /* customTableViewCell.swift in Sources */,
			);
			runOnlyForDeploymentPostprocessing = 0;
		};
/* End PBXSourcesBuildPhase section */

/* Begin PBXVariantGroup section */
		030196AC231BF16900B1D690 /* Main.storyboard */ = {
			isa = PBXVariantGroup;
			children = (
				030196AD231BF16900B1D690 /* Base */,
			);
			name = Main.storyboard;
			sourceTree = "<group>";
		};
/* End PBXVariantGroup section */

/* Begin XCBuildConfiguration section */
		030196B5231BF16B00B1D690 /* Debug */ = {
			isa = XCBuildConfiguration;
			buildSettings = {
				ALWAYS_SEARCH_USER_PATHS = NO;
				CLANG_ANALYZER_NONNULL = YES;
				CLANG_ANALYZER_NUMBER_OBJECT_CONVERSION = YES_AGGRESSIVE;
				CLANG_CXX_LANGUAGE_STANDARD = "gnu++14";
				CLANG_CXX_LIBRARY = "libc++";
				CLANG_ENABLE_MODULES = YES;
				CLANG_ENABLE_OBJC_ARC = YES;
				CLANG_ENABLE_OBJC_WEAK = YES;
				CLANG_WARN_BLOCK_CAPTURE_AUTORELEASING = YES;
				CLANG_WARN_BOOL_CONVERSION = YES;
				CLANG_WARN_COMMA = YES;
				CLANG_WARN_CONSTANT_CONVERSION = YES;
				CLANG_WARN_DEPRECATED_OBJC_IMPLEMENTATIONS = YES;
				CLANG_WARN_DIRECT_OBJC_ISA_USAGE = YES_ERROR;
				CLANG_WARN_DOCUMENTATION_COMMENTS = YES;
				CLANG_WARN_EMPTY_BODY = YES;
				CLANG_WARN_ENUM_CONVERSION = YES;
				CLANG_WARN_INFINITE_RECURSION = YES;
				CLANG_WARN_INT_CONVERSION = YES;
				CLANG_WARN_NON_LITERAL_NULL_CONVERSION = YES;
				CLANG_WARN_OBJC_IMPLICIT_RETAIN_SELF = YES;
				CLANG_WARN_OBJC_LITERAL_CONVERSION = YES;
				CLANG_WARN_OBJC_ROOT_CLASS = YES_ERROR;
				CLANG_WARN_RANGE_LOOP_ANALYSIS = YES;
				CLANG_WARN_STRICT_PROTOTYPES = YES;
				CLANG_WARN_SUSPICIOUS_MOVE = YES;
				CLANG_WARN_UNGUARDED_AVAILABILITY = YES_AGGRESSIVE;
				CLANG_WARN_UNREACHABLE_CODE = YES;
				CLANG_WARN__DUPLICATE_METHOD_MATCH = YES;
				CODE_SIGN_IDENTITY = "iPhone Developer";
				COPY_PHASE_STRIP = NO;
				DEBUG_INFORMATION_FORMAT = dwarf;
				ENABLE_STRICT_OBJC_MSGSEND = YES;
				ENABLE_TESTABILITY = YES;
				GCC_C_LANGUAGE_STANDARD = gnu11;
				GCC_DYNAMIC_NO_PIC = NO;
				GCC_NO_COMMON_BLOCKS = YES;
				GCC_OPTIMIZATION_LEVEL = 0;
				GCC_PREPROCESSOR_DEFINITIONS = (
					"DEBUG=1",
					"$(inherited)",
				);
				GCC_WARN_64_TO_32_BIT_CONVERSION = YES;
				GCC_WARN_ABOUT_RETURN_TYPE = YES_ERROR;
				GCC_WARN_UNDECLARED_SELECTOR = YES;
				GCC_WARN_UNINITIALIZED_AUTOS = YES_AGGRESSIVE;
				GCC_WARN_UNUSED_FUNCTION = YES;
				GCC_WARN_UNUSED_VARIABLE = YES;
				IPHONEOS_DEPLOYMENT_TARGET = 12.2;
				MTL_ENABLE_DEBUG_INFO = INCLUDE_SOURCE;
				MTL_FAST_MATH = YES;
				ONLY_ACTIVE_ARCH = YES;
				SDKROOT = iphoneos;
				SWIFT_ACTIVE_COMPILATION_CONDITIONS = DEBUG;
				SWIFT_OPTIMIZATION_LEVEL = "-Onone";
			};
			name = Debug;
		};
		030196B6231BF16B00B1D690 /* Release */ = {
			isa = XCBuildConfiguration;
			buildSettings = {
				ALWAYS_SEARCH_USER_PATHS = NO;
				CLANG_ANALYZER_NONNULL = YES;
				CLANG_ANALYZER_NUMBER_OBJECT_CONVERSION = YES_AGGRESSIVE;
				CLANG_CXX_LANGUAGE_STANDARD = "gnu++14";
				CLANG_CXX_LIBRARY = "libc++";
				CLANG_ENABLE_MODULES = YES;
				CLANG_ENABLE_OBJC_ARC = YES;
				CLANG_ENABLE_OBJC_WEAK = YES;
				CLANG_WARN_BLOCK_CAPTURE_AUTORELEASING = YES;
				CLANG_WARN_BOOL_CONVERSION = YES;
				CLANG_WARN_COMMA = YES;
				CLANG_WARN_CONSTANT_CONVERSION = YES;
				CLANG_WARN_DEPRECATED_OBJC_IMPLEMENTATIONS = YES;
				CLANG_WARN_DIRECT_OBJC_ISA_USAGE = YES_ERROR;
				CLANG_WARN_DOCUMENTATION_COMMENTS = YES;
				CLANG_WARN_EMPTY_BODY = YES;
				CLANG_WARN_ENUM_CONVERSION = YES;
				CLANG_WARN_INFINITE_RECURSION = YES;
				CLANG_WARN_INT_CONVERSION = YES;
				CLANG_WARN_NON_LITERAL_NULL_CONVERSION = YES;
				CLANG_WARN_OBJC_IMPLICIT_RETAIN_SELF = YES;
				CLANG_WARN_OBJC_LITERAL_CONVERSION = YES;
				CLANG_WARN_OBJC_ROOT_CLASS = YES_ERROR;
				CLANG_WARN_RANGE_LOOP_ANALYSIS = YES;
				CLANG_WARN_STRICT_PROTOTYPES = YES;
				CLANG_WARN_SUSPICIOUS_MOVE = YES;
				CLANG_WARN_UNGUARDED_AVAILABILITY = YES_AGGRESSIVE;
				CLANG_WARN_UNREACHABLE_CODE = YES;
				CLANG_WARN__DUPLICATE_METHOD_MATCH = YES;
				CODE_SIGN_IDENTITY = "iPhone Developer";
				COPY_PHASE_STRIP = NO;
				DEBUG_INFORMATION_FORMAT = "dwarf-with-dsym";
				ENABLE_NS_ASSERTIONS = NO;
				ENABLE_STRICT_OBJC_MSGSEND = YES;
				GCC_C_LANGUAGE_STANDARD = gnu11;
				GCC_NO_COMMON_BLOCKS = YES;
				GCC_WARN_64_TO_32_BIT_CONVERSION = YES;
				GCC_WARN_ABOUT_RETURN_TYPE = YES_ERROR;
				GCC_WARN_UNDECLARED_SELECTOR = YES;
				GCC_WARN_UNINITIALIZED_AUTOS = YES_AGGRESSIVE;
				GCC_WARN_UNUSED_FUNCTION = YES;
				GCC_WARN_UNUSED_VARIABLE = YES;
				IPHONEOS_DEPLOYMENT_TARGET = 12.2;
				MTL_ENABLE_DEBUG_INFO = NO;
				MTL_FAST_MATH = YES;
				SDKROOT = iphoneos;
				SWIFT_COMPILATION_MODE = wholemodule;
				SWIFT_OPTIMIZATION_LEVEL = "-O";
				VALIDATE_PRODUCT = YES;
			};
			name = Release;
		};
		030196B8231BF16B00B1D690 /* Debug */ = {
			isa = XCBuildConfiguration;
			buildSettings = {
				ASSETCATALOG_COMPILER_APPICON_NAME = AppIcon;
				CODE_SIGN_STYLE = Automatic;
				INFOPLIST_FILE = InsideList/Info.plist;
				LD_RUNPATH_SEARCH_PATHS = (
					"$(inherited)",
					"@executable_path/Frameworks",
				);
				PRODUCT_BUNDLE_IDENTIFIER = teespire.InsideList;
				PRODUCT_NAME = "$(TARGET_NAME)";
				SWIFT_VERSION = 5.0;
				TARGETED_DEVICE_FAMILY = "1,2";
			};
			name = Debug;
		};
		030196B9231BF16B00B1D690 /* Release */ = {
			isa = XCBuildConfiguration;
			buildSettings = {
				ASSETCATALOG_COMPILER_APPICON_NAME = AppIcon;
				CODE_SIGN_STYLE = Automatic;
				INFOPLIST_FILE = InsideList/Info.plist;
				LD_RUNPATH_SEARCH_PATHS = (
					"$(inherited)",
					"@executable_path/Frameworks",
				);
				PRODUCT_BUNDLE_IDENTIFIER = teespire.InsideList;
				PRODUCT_NAME = "$(TARGET_NAME)";
				SWIFT_VERSION = 5.0;
				TARGETED_DEVICE_FAMILY = "1,2";
			};
			name = Release;
		};
/* End XCBuildConfiguration section */

/* Begin XCConfigurationList section */
		030196A0231BF16900B1D690 /* Build configuration list for PBXProject "InsideList" */ = {
			isa = XCConfigurationList;
			buildConfigurations = (
				030196B5231BF16B00B1D690 /* Debug */,
				030196B6231BF16B00B1D690 /* Release */,
			);
			defaultConfigurationIsVisible = 0;
			defaultConfigurationName = Release;
		};
		030196B7231BF16B00B1D690 /* Build configuration list for PBXNativeTarget "InsideList" */ = {
			isa = XCConfigurationList;
			buildConfigurations = (
				030196B8231BF16B00B1D690 /* Debug */,
				030196B9231BF16B00B1D690 /* Release */,
			);
			defaultConfigurationIsVisible = 0;
			defaultConfigurationName = Release;
		};
/* End XCConfigurationList section */
	};
	rootObject = 0301969D231BF16900B1D690 /* Project object */;
}
